// !$*UTF8*$!
{
	archiveVersion = 1;
	classes = {
	};
	objectVersion = 46;
	objects = {

/* Begin PBXBuildFile section */
		AEA498FB1D15848400E746AB /* AppDelegate.swift in Sources */ = {isa = PBXBuildFile; fileRef = AEA498FA1D15848400E746AB /* AppDelegate.swift */; };
		AEA498FD1D15848400E746AB /* ViewController.swift in Sources */ = {isa = PBXBuildFile; fileRef = AEA498FC1D15848400E746AB /* ViewController.swift */; };
		AEA499001D15848400E746AB /* Main.storyboard in Resources */ = {isa = PBXBuildFile; fileRef = AEA498FE1D15848400E746AB /* Main.storyboard */; };
		AEA499021D15848400E746AB /* Assets.xcassets in Resources */ = {isa = PBXBuildFile; fileRef = AEA499011D15848400E746AB /* Assets.xcassets */; };
		AEA499051D15848400E746AB /* LaunchScreen.storyboard in Resources */ = {isa = PBXBuildFile; fileRef = AEA499031D15848400E746AB /* LaunchScreen.storyboard */; };
		FE0F503EE707FCCB49405AEF /* libPods-SaveTheDot.a in Frameworks */ = {isa = PBXBuildFile; fileRef = D3888C7EC36180FB819CA265 /* libPods-SaveTheDot.a */; };
/* End PBXBuildFile section */

/* Begin PBXFileReference section */
		04E426CABBB03EF367737706 /* Pods-SaveTheDot.release.xcconfig */ = {isa = PBXFileReference; includeInIndex = 1; lastKnownFileType = text.xcconfig; name = "Pods-SaveTheDot.release.xcconfig"; path = "Pods/Target Support Files/Pods-SaveTheDot/Pods-SaveTheDot.release.xcconfig"; sourceTree = "<group>"; };
		52EAB4CD17BBFD5D54B4A5E5 /* Pods-SaveTheDot.debug.xcconfig */ = {isa = PBXFileReference; includeInIndex = 1; lastKnownFileType = text.xcconfig; name = "Pods-SaveTheDot.debug.xcconfig"; path = "Pods/Target Support Files/Pods-SaveTheDot/Pods-SaveTheDot.debug.xcconfig"; sourceTree = "<group>"; };
		AEA498F71D15848400E746AB /* SaveTheDot.app */ = {isa = PBXFileReference; explicitFileType = wrapper.application; includeInIndex = 0; path = SaveTheDot.app; sourceTree = BUILT_PRODUCTS_DIR; };
		AEA498FA1D15848400E746AB /* AppDelegate.swift */ = {isa = PBXFileReference; lastKnownFileType = sourcecode.swift; path = AppDelegate.swift; sourceTree = "<group>"; };
		AEA498FC1D15848400E746AB /* ViewController.swift */ = {isa = PBXFileReference; lastKnownFileType = sourcecode.swift; path = ViewController.swift; sourceTree = "<group>"; };
		AEA498FF1D15848400E746AB /* Base */ = {isa = PBXFileReference; lastKnownFileType = file.storyboard; name = Base; path = Base.lproj/Main.storyboard; sourceTree = "<group>"; };
		AEA499011D15848400E746AB /* Assets.xcassets */ = {isa = PBXFileReference; lastKnownFileType = folder.assetcatalog; path = Assets.xcassets; sourceTree = "<group>"; };
		AEA499041D15848400E746AB /* Base */ = {isa = PBXFileReference; lastKnownFileType = file.storyboard; name = Base; path = Base.lproj/LaunchScreen.storyboard; sourceTree = "<group>"; };
		AEA499061D15848400E746AB /* Info.plist */ = {isa = PBXFileReference; lastKnownFileType = text.plist.xml; path = Info.plist; sourceTree = "<group>"; };
		D3888C7EC36180FB819CA265 /* libPods-SaveTheDot.a */ = {isa = PBXFileReference; explicitFileType = archive.ar; includeInIndex = 0; path = "libPods-SaveTheDot.a"; sourceTree = BUILT_PRODUCTS_DIR; };
/* End PBXFileReference section */

/* Begin PBXFrameworksBuildPhase section */
		AEA498F41D15848400E746AB /* Frameworks */ = {
			isa = PBXFrameworksBuildPhase;
			buildActionMask = 2147483647;
			files = (
				FE0F503EE707FCCB49405AEF /* libPods-SaveTheDot.a in Frameworks */,
			);
			runOnlyForDeploymentPostprocessing = 0;
		};
/* End PBXFrameworksBuildPhase section */

/* Begin PBXGroup section */
		3C562071DBEF0248D959EE77 /* Pods */ = {
			isa = PBXGroup;
			children = (
				52EAB4CD17BBFD5D54B4A5E5 /* Pods-SaveTheDot.debug.xcconfig */,
				04E426CABBB03EF367737706 /* Pods-SaveTheDot.release.xcconfig */,
			);
			name = Pods;
			sourceTree = "<group>";
		};
		9171714EF7937F58AB9E77A1 /* Frameworks */ = {
			isa = PBXGroup;
			children = (
				D3888C7EC36180FB819CA265 /* libPods-SaveTheDot.a */,
			);
			name = Frameworks;
			sourceTree = "<group>";
		};
		AEA498EE1D15848400E746AB = {
			isa = PBXGroup;
			children = (
				AEA498F91D15848400E746AB /* SaveTheDot */,
				AEA498F81D15848400E746AB /* Products */,
				3C562071DBEF0248D959EE77 /* Pods */,
				9171714EF7937F58AB9E77A1 /* Frameworks */,
			);
			sourceTree = "<group>";
		};
		AEA498F81D15848400E746AB /* Products */ = {
			isa = PBXGroup;
			children = (
				AEA498F71D15848400E746AB /* SaveTheDot.app */,
			);
			name = Products;
			sourceTree = "<group>";
		};
		AEA498F91D15848400E746AB /* SaveTheDot */ = {
			isa = PBXGroup;
			children = (
				AEA498FA1D15848400E746AB /* AppDelegate.swift */,
				AEA498FC1D15848400E746AB /* ViewController.swift */,
				AEA498FE1D15848400E746AB /* Main.storyboard */,
				AEA499011D15848400E746AB /* Assets.xcassets */,
				AEA499031D15848400E746AB /* LaunchScreen.storyboard */,
				AEA499061D15848400E746AB /* Info.plist */,
			);
			path = SaveTheDot;
			sourceTree = "<group>";
		};
/* End PBXGroup section */

/* Begin PBXNativeTarget section */
		AEA498F61D15848400E746AB /* SaveTheDot */ = {
			isa = PBXNativeTarget;
			buildConfigurationList = AEA499091D15848400E746AB /* Build configuration list for PBXNativeTarget "SaveTheDot" */;
			buildPhases = (
				1CE4444806437BB44BFF9309 /* [CP] Check Pods Manifest.lock */,
				AEA498F31D15848400E746AB /* Sources */,
				AEA498F41D15848400E746AB /* Frameworks */,
				AEA498F51D15848400E746AB /* Resources */,
				9276F0D0B1750AD19E94B362 /* [CP] Embed Pods Frameworks */,
				386A9AC839C90A2FE6B1E734 /* [CP] Copy Pods Resources */,
			);
			buildRules = (
			);
			dependencies = (
			);
			name = SaveTheDot;
			productName = SaveTheDot;
			productReference = AEA498F71D15848400E746AB /* SaveTheDot.app */;
			productType = "com.apple.product-type.application";
		};
/* End PBXNativeTarget section */

/* Begin PBXProject section */
		AEA498EF1D15848400E746AB /* Project object */ = {
			isa = PBXProject;
			attributes = {
				LastSwiftUpdateCheck = 0800;
				LastUpgradeCheck = 0800;
				ORGANIZATIONNAME = "Jake Lin";
				TargetAttributes = {
					AEA498F61D15848400E746AB = {
						CreatedOnToolsVersion = 8.0;
						DevelopmentTeam = 6HLFCRTYQU;
						DevelopmentTeamName = "Yongjian Lin";
						ProvisioningStyle = Automatic;
					};
				};
			};
			buildConfigurationList = AEA498F21D15848400E746AB /* Build configuration list for PBXProject "SaveTheDot" */;
			compatibilityVersion = "Xcode 3.2";
			developmentRegion = English;
			hasScannedForEncodings = 0;
			knownRegions = (
				en,
				Base,
			);
			mainGroup = AEA498EE1D15848400E746AB;
			productRefGroup = AEA498F81D15848400E746AB /* Products */;
			projectDirPath = "";
			projectRoot = "";
			targets = (
				AEA498F61D15848400E746AB /* SaveTheDot */,
			);
		};
/* End PBXProject section */

/* Begin PBXResourcesBuildPhase section */
		AEA498F51D15848400E746AB /* Resources */ = {
			isa = PBXResourcesBuildPhase;
			buildActionMask = 2147483647;
			files = (
				AEA499051D15848400E746AB /* LaunchScreen.storyboard in Resources */,
				AEA499021D15848400E746AB /* Assets.xcassets in Resources */,
				AEA499001D15848400E746AB /* Main.storyboard in Resources */,
			);
			runOnlyForDeploymentPostprocessing = 0;
		};
/* End PBXResourcesBuildPhase section */

/* Begin PBXShellScriptBuildPhase section */
		1CE4444806437BB44BFF9309 /* [CP] Check Pods Manifest.lock */ = {
			isa = PBXShellScriptBuildPhase;
			buildActionMask = 2147483647;
			files = (
			);
			inputPaths = (
			);
			name = "[CP] Check Pods Manifest.lock";
			outputPaths = (
			);
			runOnlyForDeploymentPostprocessing = 0;
			shellPath = /bin/sh;
			shellScript = "diff \"${PODS_PODFILE_DIR_PATH}/Podfile.lock\" \"${PODS_ROOT}/Manifest.lock\" > /dev/null\nif [ $? != 0 ] ; then\n    # print error to STDERR\n    echo \"error: The sandbox is not in sync with the Podfile.lock. Run 'pod install' or update your CocoaPods installation.\" >&2\n    exit 1\nfi\n";
			showEnvVarsInLog = 0;
		};
		386A9AC839C90A2FE6B1E734 /* [CP] Copy Pods Resources */ = {
			isa = PBXShellScriptBuildPhase;
			buildActionMask = 2147483647;
			files = (
			);
			inputPaths = (
			);
			name = "[CP] Copy Pods Resources";
			outputPaths = (
			);
			runOnlyForDeploymentPostprocessing = 0;
			shellPath = /bin/sh;
			shellScript = "\"${SRCROOT}/Pods/Target Support Files/Pods-SaveTheDot/Pods-SaveTheDot-resources.sh\"\n";
			showEnvVarsInLog = 0;
		};
		9276F0D0B1750AD19E94B362 /* [CP] Embed Pods Frameworks */ = {
			isa = PBXShellScriptBuildPhase;
			buildActionMask = 2147483647;
			files = (
			);
			inputPaths = (
			);
			name = "[CP] Embed Pods Frameworks";
			outputPaths = (
			);
			runOnlyForDeploymentPostprocessing = 0;
			shellPath = /bin/sh;
			shellScript = "\"${SRCROOT}/Pods/Target Support Files/Pods-SaveTheDot/Pods-SaveTheDot-frameworks.sh\"\n";
			showEnvVarsInLog = 0;
		};
/* End PBXShellScriptBuildPhase section */

/* Begin PBXSourcesBuildPhase section */
		AEA498F31D15848400E746AB /* Sources */ = {
			isa = PBXSourcesBuildPhase;
			buildActionMask = 2147483647;
			files = (
				AEA498FD1D15848400E746AB /* ViewController.swift in Sources */,
				AEA498FB1D15848400E746AB /* AppDelegate.swift in Sources */,
			);
			runOnlyForDeploymentPostprocessing = 0;
		};
/* End PBXSourcesBuildPhase section */

/* Begin PBXVariantGroup section */
		AEA498FE1D15848400E746AB /* Main.storyboard */ = {
			isa = PBXVariantGroup;
			children = (
				AEA498FF1D15848400E746AB /* Base */,
			);
			name = Main.storyboard;
			sourceTree = "<group>";
		};
		AEA499031D15848400E746AB /* LaunchScreen.storyboard */ = {
			isa = PBXVariantGroup;
			children = (
				AEA499041D15848400E746AB /* Base */,
			);
			name = LaunchScreen.storyboard;
			sourceTree = "<group>";
		};
/* End PBXVariantGroup section */

/* Begin XCBuildConfiguration section */
		AEA499071D15848400E746AB /* Debug */ = {
			isa = XCBuildConfiguration;
			buildSettings = {
				ALWAYS_SEARCH_USER_PATHS = NO;
				CLANG_ANALYZER_NONNULL = YES;
				CLANG_CXX_LANGUAGE_STANDARD = "gnu++0x";
				CLANG_CXX_LIBRARY = "libc++";
				CLANG_ENABLE_MODULES = YES;
				CLANG_ENABLE_OBJC_ARC = YES;
				CLANG_WARN_BOOL_CONVERSION = YES;
				CLANG_WARN_CONSTANT_CONVERSION = YES;
				CLANG_WARN_DIRECT_OBJC_ISA_USAGE = YES_ERROR;
				CLANG_WARN_DOCUMENTATION_COMMENTS = YES;
				CLANG_WARN_EMPTY_BODY = YES;
				CLANG_WARN_ENUM_CONVERSION = YES;
				CLANG_WARN_INT_CONVERSION = YES;
				CLANG_WARN_OBJC_ROOT_CLASS = YES_ERROR;
				CLANG_WARN_UNREACHABLE_CODE = YES;
				CLANG_WARN__DUPLICATE_METHOD_MATCH = YES;
				"CODE_SIGN_IDENTITY[sdk=iphoneos*]" = "iPhone Developer";
				COPY_PHASE_STRIP = NO;
				DEBUG_INFORMATION_FORMAT = dwarf;
				ENABLE_STRICT_OBJC_MSGSEND = YES;
				ENABLE_TESTABILITY = YES;
				GCC_C_LANGUAGE_STANDARD = gnu99;
				GCC_DYNAMIC_NO_PIC = NO;
				GCC_NO_COMMON_BLOCKS = YES;
				GCC_OPTIMIZATION_LEVEL = 0;
				GCC_PREPROCESSOR_DEFINITIONS = (
					"DEBUG=1",
					"$(inherited)",
				);
				GCC_WARN_64_TO_32_BIT_CONVERSION = YES;
				GCC_WARN_ABOUT_RETURN_TYPE = YES_ERROR;
				GCC_WARN_UNDECLARED_SELECTOR = YES;
				GCC_WARN_UNINITIALIZED_AUTOS = YES_AGGRESSIVE;
				GCC_WARN_UNUSED_FUNCTION = YES;
				GCC_WARN_UNUSED_VARIABLE = YES;
				IPHONEOS_DEPLOYMENT_TARGET = 10.0;
				MTL_ENABLE_DEBUG_INFO = YES;
				ONLY_ACTIVE_ARCH = YES;
				SDKROOT = iphoneos;
				SWIFT_ACTIVE_COMPILATION_CONDITIONS = DEBUG;
				SWIFT_OPTIMIZATION_LEVEL = "-Onone";
			};
			name = Debug;
		};
		AEA499081D15848400E746AB /* Release */ = {
			isa = XCBuildConfiguration;
			buildSettings = {
				ALWAYS_SEARCH_USER_PATHS = NO;
				CLANG_ANALYZER_NONNULL = YES;
				CLANG_CXX_LANGUAGE_STANDARD = "gnu++0x";
				CLANG_CXX_LIBRARY = "libc++";
				CLANG_ENABLE_MODULES = YES;
				CLANG_ENABLE_OBJC_ARC = YES;
				CLANG_WARN_BOOL_CONVERSION = YES;
				CLANG_WARN_CONSTANT_CONVERSION = YES;
				CLANG_WARN_DIRECT_OBJC_ISA_USAGE = YES_ERROR;
				CLANG_WARN_DOCUMENTATION_COMMENTS = YES;
				CLANG_WARN_EMPTY_BODY = YES;
				CLANG_WARN_ENUM_CONVERSION = YES;
				CLANG_WARN_INT_CONVERSION = YES;
				CLANG_WARN_OBJC_ROOT_CLASS = YES_ERROR;
				CLANG_WARN_UNREACHABLE_CODE = YES;
				CLANG_WARN__DUPLICATE_METHOD_MATCH = YES;
				"CODE_SIGN_IDENTITY[sdk=iphoneos*]" = "iPhone Developer";
				COPY_PHASE_STRIP = NO;
				DEBUG_INFORMATION_FORMAT = "dwarf-with-dsym";
				ENABLE_NS_ASSERTIONS = NO;
				ENABLE_STRICT_OBJC_MSGSEND = YES;
				GCC_C_LANGUAGE_STANDARD = gnu99;
				GCC_NO_COMMON_BLOCKS = YES;
				GCC_WARN_64_TO_32_BIT_CONVERSION = YES;
				GCC_WARN_ABOUT_RETURN_TYPE = YES_ERROR;
				GCC_WARN_UNDECLARED_SELECTOR = YES;
				GCC_WARN_UNINITIALIZED_AUTOS = YES_AGGRESSIVE;
				GCC_WARN_UNUSED_FUNCTION = YES;
				GCC_WARN_UNUSED_VARIABLE = YES;
				IPHONEOS_DEPLOYMENT_TARGET = 10.0;
				MTL_ENABLE_DEBUG_INFO = NO;
				SDKROOT = iphoneos;
				SWIFT_OPTIMIZATION_LEVEL = "-Owholemodule";
				VALIDATE_PRODUCT = YES;
			};
			name = Release;
		};
		AEA4990A1D15848400E746AB /* Debug */ = {
			isa = XCBuildConfiguration;
			baseConfigurationReference = 52EAB4CD17BBFD5D54B4A5E5 /* Pods-SaveTheDot.debug.xcconfig */;
			buildSettings = {
				ASSETCATALOG_COMPILER_APPICON_NAME = AppIcon;
				INFOPLIST_FILE = SaveTheDot/Info.plist;
				LD_RUNPATH_SEARCH_PATHS = "$(inherited) @executable_path/Frameworks";
				PRODUCT_BUNDLE_IDENTIFIER = "Jake-Lin.SaveTheDot";
				PRODUCT_NAME = "$(TARGET_NAME)";
				SWIFT_VERSION = 3.0;
			};
			name = Debug;
		};
		AEA4990B1D15848400E746AB /* Release */ = {
			isa = XCBuildConfiguration;
			baseConfigurationReference = 04E426CABBB03EF367737706 /* Pods-SaveTheDot.release.xcconfig */;
			buildSettings = {
				ASSETCATALOG_COMPILER_APPICON_NAME = AppIcon;
				INFOPLIST_FILE = SaveTheDot/Info.plist;
				LD_RUNPATH_SEARCH_PATHS = "$(inherited) @executable_path/Frameworks";
				PRODUCT_BUNDLE_IDENTIFIER = "Jake-Lin.SaveTheDot";
				PRODUCT_NAME = "$(TARGET_NAME)";
				SWIFT_VERSION = 3.0;
			};
			name = Release;
		};
/* End XCBuildConfiguration section */

/* Begin XCConfigurationList section */
		AEA498F21D15848400E746AB /* Build configuration list for PBXProject "SaveTheDot" */ = {
			isa = XCConfigurationList;
			buildConfigurations = (
				AEA499071D15848400E746AB /* Debug */,
				AEA499081D15848400E746AB /* Release */,
			);
			defaultConfigurationIsVisible = 0;
			defaultConfigurationName = Release;
		};
		AEA499091D15848400E746AB /* Build configuration list for PBXNativeTarget "SaveTheDot" */ = {
			isa = XCConfigurationList;
			buildConfigurations = (
				AEA4990A1D15848400E746AB /* Debug */,
				AEA4990B1D15848400E746AB /* Release */,
			);
			defaultConfigurationIsVisible = 0;
		};
/* End XCConfigurationList section */
	};
	rootObject = AEA498EF1D15848400E746AB /* Project object */;
}
